
Microsoft Visual Studio Solution File, Format Version 12.00
# Visual Studio Version 16
VisualStudioVersion = 16.0.32630.194
MinimumVisualStudioVersion = 10.0.40219.1
Project("{FAE04EC0-301F-11D3-BF4B-00C04F79EFBC}") = "MoneyManagement", "MoneyManagement\MoneyManagement.csproj", "{90A50EFE-A83F-4609-9DDC-9CA3BC0FEF1A}"
EndProject
Global
	GlobalSection(SolutionConfigurationPlatforms) = preSolution
		Debug|Any CPU = Debug|Any CPU
		Release|Any CPU = Release|Any CPU
	EndGlobalSection
	GlobalSection(ProjectConfigurationPlatforms) = postSolution
		{90A50EFE-A83F-4609-9DDC-9CA3BC0FEF1A}.Debug|Any CPU.ActiveCfg = Debug|Any CPU
		{90A50EFE-A83F-4609-9DDC-9CA3BC0FEF1A}.Debug|Any CPU.Build.0 = Debug|Any CPU
		{90A50EFE-A83F-4609-9DDC-9CA3BC0FEF1A}.Release|Any CPU.ActiveCfg = Release|Any CPU
		{90A50EFE-A83F-4609-9DDC-9CA3BC0FEF1A}.Release|Any CPU.Build.0 = Release|Any CPU
	EndGlobalSection
	GlobalSection(SolutionProperties) = preSolution
		HideSolutionNode = FALSE
	EndGlobalSection
	GlobalSection(ExtensibilityGlobals) = postSolution
		SolutionGuid = {EAB8B96C-D78D-4C90-90F0-92CF0D13C3D3}
	EndGlobalSection
EndGlobal
